
Microsoft Visual Studio Solution File, Format Version 12.00
# Visual Studio 2013
VisualStudioVersion = 12.0.40629.0
MinimumVisualStudioVersion = 10.0.40219.1
Project("{8BC9CEB8-8B4A-11D0-8D11-00A0C91BC942}") = "HelloWorld", "HelloWorld\HelloWorld.vcxproj", "{90A37016-146D-4F5B-8D6A-050BFCA43228}"
EndProject
Project("{8BC9CEB8-8B4A-11D0-8D11-00A0C91BC942}") = "escape", "escape\escape.vcxproj", "{D208FFE2-C5C3-4FDB-BAAB-2E332CA3F189}"
EndProject
Project("{8BC9CEB8-8B4A-11D0-8D11-00A0C91BC942}") = "format", "format\format.vcxproj", "{8BC3644D-0C42-4356-887E-55EB2ED42C9E}"
EndProject
Project("{8BC9CEB8-8B4A-11D0-8D11-00A0C91BC942}") = "format_02", "format_02\format_02.vcxproj", "{49D293AA-0C6F-478E-87F2-29FD8F3320CE}"
EndProject
Project("{8BC9CEB8-8B4A-11D0-8D11-00A0C91BC942}") = "upgradeAndDownGrade", "op001\op001.vcxproj", "{E42ABD0C-AB03-4E5F-A35F-08E2179A8CC5}"
EndProject
Project("{8BC9CEB8-8B4A-11D0-8D11-00A0C91BC942}") = "operateOrder", "operateOrder\operateOrder.vcxproj", "{053C93E1-5B0F-4708-AA5D-77F4BE091C7F}"
EndProject
Project("{8BC9CEB8-8B4A-11D0-8D11-00A0C91BC942}") = "sizeOf", "sizeOf\sizeOf.vcxproj", "{AF52DB45-EF0C-44E1-AE5E-8ECE27D3FAD1}"
EndProject
Project("{8BC9CEB8-8B4A-11D0-8D11-00A0C91BC942}") = "assignmentOperator", "assignmentOperator\assignmentOperator.vcxproj", "{FC944682-5BFE-4BFC-B8DC-644C3517380F}"
EndProject
Project("{8BC9CEB8-8B4A-11D0-8D11-00A0C91BC942}") = "cast", "cast\cast.vcxproj", "{C541C0E7-CEC1-45CA-9708-719315FA1BA5}"
EndProject
Project("{8BC9CEB8-8B4A-11D0-8D11-00A0C91BC942}") = "bitOperate", "bitOperate\bitOperate.vcxproj", "{FF6BD8DD-3B53-430F-B8FD-43C6EA3E42D3}"
EndProject
Project("{8BC9CEB8-8B4A-11D0-8D11-00A0C91BC942}") = "bitOperate2", "bitOperate2\bitOperate2.vcxproj", "{59CDCFE0-266D-484A-B31A-9F66716A341A}"
EndProject
Project("{8BC9CEB8-8B4A-11D0-8D11-00A0C91BC942}") = "complement", "complement\complement.vcxproj", "{BE50C3E1-16FC-4C45-B640-9A48E7D18EFA}"
EndProject
Project("{8BC9CEB8-8B4A-11D0-8D11-00A0C91BC942}") = "shiftOperate", "shiftOperate\shiftOperate.vcxproj", "{CF2F98E4-96F1-41AB-B492-AE493451AE54}"
EndProject
Project("{8BC9CEB8-8B4A-11D0-8D11-00A0C91BC942}") = "conditional", "conditional\conditional.vcxproj", "{2247022A-BAB2-4615-B6D9-3FE1B5A74B5A}"
EndProject
Project("{8BC9CEB8-8B4A-11D0-8D11-00A0C91BC942}") = "judge", "judge\judge.vcxproj", "{7D143FDE-73FD-4A9E-B2CE-96A374E8621F}"
EndProject
Project("{8BC9CEB8-8B4A-11D0-8D11-00A0C91BC942}") = "switch", "switch\switch.vcxproj", "{5B300BF8-D390-467B-B201-E9402923FD09}"
EndProject
Project("{8BC9CEB8-8B4A-11D0-8D11-00A0C91BC942}") = "switch_2", "switch_2\switch_2.vcxproj", "{284459C6-299D-4CEB-AD41-5E635682BCAD}"
EndProject
Project("{8BC9CEB8-8B4A-11D0-8D11-00A0C91BC942}") = "forStatement", "forStatement\forStatement.vcxproj", "{C684884F-B832-4084-8BC7-5B43FB64CED2}"
EndProject
Project("{8BC9CEB8-8B4A-11D0-8D11-00A0C91BC942}") = "whileStatement", "whileStatement\whileStatement.vcxproj", "{788C0CC3-E3D3-4C3A-B542-F46489F4658D}"
EndProject
Project("{8BC9CEB8-8B4A-11D0-8D11-00A0C91BC942}") = "doWhileStatement", "doWhileStatement\doWhileStatement.vcxproj", "{D47C602C-B94F-49A9-A503-64B795E3E826}"
EndProject
Project("{8BC9CEB8-8B4A-11D0-8D11-00A0C91BC942}") = "breakAndContinue", "breakAndContinue\breakAndContinue.vcxproj", "{56F88E25-355F-42DE-BC24-20D4253E4CF9}"
EndProject
Project("{8BC9CEB8-8B4A-11D0-8D11-00A0C91BC942}") = "funcUtility", "funcUtility\funcUtility.vcxproj", "{79C4A3AC-1D0C-4413-A639-24D98B673F0A}"
EndProject
Project("{8BC9CEB8-8B4A-11D0-8D11-00A0C91BC942}") = "recursive", "recursive\recursive.vcxproj", "{AB1B7699-78B6-47BC-87DC-1D3718471A7F}"
EndProject
Project("{8BC9CEB8-8B4A-11D0-8D11-00A0C91BC942}") = "pointerAddress", "pointerAddress\pointerAddress.vcxproj", "{44A576A1-39C8-4A69-A7C2-38580D4118B0}"
EndProject
Project("{8BC9CEB8-8B4A-11D0-8D11-00A0C91BC942}") = "pointer", "pointer\pointer.vcxproj", "{544E6AE5-3DB2-4F59-A2C8-CE8C645E2478}"
EndProject
Project("{8BC9CEB8-8B4A-11D0-8D11-00A0C91BC942}") = "basicOfpoint", "basicOfpoint\basicOfpoint.vcxproj", "{3731AE48-74E3-48B4-903C-BFB6BB1F9626}"
EndProject
Project("{8BC9CEB8-8B4A-11D0-8D11-00A0C91BC942}") = "storePointer", "storePointer\storePointer.vcxproj", "{4B6CE7F9-F543-459E-9BB6-553744B4CA9A}"
EndProject
Project("{8BC9CEB8-8B4A-11D0-8D11-00A0C91BC942}") = "pointerAndArgument", "pointerAndArgument\pointerAndArgument.vcxproj", "{5EFED213-6DF3-4B22-9E2F-7F114540B4D9}"
EndProject
Project("{8BC9CEB8-8B4A-11D0-8D11-00A0C91BC942}") = "pointToPointer", "pointToPointer\pointToPointer.vcxproj", "{0EF05D6E-48B9-4715-B02E-F02F71FB85E7}"
EndProject
Project("{2150E333-8FDC-42A3-9474-1A3956D46DE8}") = "08_配列・文字列とポインタ", "08_配列・文字列とポインタ", "{4E3C3921-1B4E-44AF-8C3D-261E693248D2}"
EndProject
Project("{8BC9CEB8-8B4A-11D0-8D11-00A0C91BC942}") = "ArrayAndAddress", "ArrayAndAddress\ArrayAndAddress.vcxproj", "{A3C298B2-6E87-4DC5-8FD7-C6F5BF90BA53}"
EndProject
Project("{8BC9CEB8-8B4A-11D0-8D11-00A0C91BC942}") = "arrayAddress2", "arrayAddress2\arrayAddress2.vcxproj", "{BDEDF464-B33C-4C53-A07C-8ABD9E2DE42C}"
EndProject
Project("{8BC9CEB8-8B4A-11D0-8D11-00A0C91BC942}") = "multiDimensionalArray", "multiDimensionalArray\multiDimensionalArray.vcxproj", "{59A8B75C-E6A3-4A3B-AA8F-ACB2CA66C38F}"
EndProject
Project("{8BC9CEB8-8B4A-11D0-8D11-00A0C91BC942}") = "charIsJustNumber", "charIsJustNumber\charIsJustNumber.vcxproj", "{9602890B-41B3-4980-A3CA-230BD99CBA8A}"
EndProject
Project("{8BC9CEB8-8B4A-11D0-8D11-00A0C91BC942}") = "stringLiteral", "stringLiteral\stringLiteral.vcxproj", "{1902EF39-24AA-4EB8-A95D-DAF29A93B297}"
EndProject
Project("{8BC9CEB8-8B4A-11D0-8D11-00A0C91BC942}") = "compareString", "compareString\compareString.vcxproj", "{4451E040-27F2-4F04-A546-1F9B2FBC6173}"
EndProject
Project("{8BC9CEB8-8B4A-11D0-8D11-00A0C91BC942}") = "stringLength", "stringLength\stringLength.vcxproj", "{2105411D-8E0C-495E-805C-CE83A6081396}"
EndProject
Project("{8BC9CEB8-8B4A-11D0-8D11-00A0C91BC942}") = "arrayString", "arrayString\arrayString.vcxproj", "{05179C88-D3C5-4F9A-8BC4-FFE17976B10D}"
EndProject
Project("{8BC9CEB8-8B4A-11D0-8D11-00A0C91BC942}") = "inputString", "inputString\inputString.vcxproj", "{588C5C88-253D-42E0-8825-62BDF9448898}"
EndProject
Project("{8BC9CEB8-8B4A-11D0-8D11-00A0C91BC942}") = "inputString2", "inputString2\inputString2.vcxproj", "{1AEDEB2A-0855-419B-94AC-EF622591BB4F}"
EndProject
Project("{8BC9CEB8-8B4A-11D0-8D11-00A0C91BC942}") = "inputString3", "inputString3\inputString3.vcxproj", "{20DE7B5C-7050-4EDF-83D0-DBA138D24E4D}"
EndProject
Project("{8BC9CEB8-8B4A-11D0-8D11-00A0C91BC942}") = "strCpyAndStrCat", "strCpyAndStrCat\strCpyAndStrCat.vcxproj", "{F0A5A8EC-B7E6-4CFC-BEC1-BA9B8EA032D8}"
EndProject
Project("{8BC9CEB8-8B4A-11D0-8D11-00A0C91BC942}") = "sprintf", "sprintf\sprintf.vcxproj", "{6E24CC7E-7464-4126-B0D7-7EF7D8A54304}"
EndProject
Project("{8BC9CEB8-8B4A-11D0-8D11-00A0C91BC942}") = "arrayPointer", "arrayPointer\arrayPointer.vcxproj", "{D2074424-5926-4B9C-AAFD-AD5608BF5BB4}"
EndProject
Project("{8BC9CEB8-8B4A-11D0-8D11-00A0C91BC942}") = "commandlineArgs", "commandlineArgs\commandlineArgs.vcxproj", "{A6DFA598-7CDB-42DC-8FBA-8AC0A7DD56B0}"
EndProject
Project("{8BC9CEB8-8B4A-11D0-8D11-00A0C91BC942}") = "arrayArgument", "arrayArgument\arrayArgument.vcxproj", "{73EFA276-7EA1-4DF3-8D78-51D5EA457BB3}"
EndProject
Project("{8BC9CEB8-8B4A-11D0-8D11-00A0C91BC942}") = "initStruct", "initStruct\initStruct.vcxproj", "{5478EBAF-5928-497B-A3D6-8BF6BE5B5D0E}"
EndProject
Project("{2150E333-8FDC-42A3-9474-1A3956D46DE8}") = "09_構造体", "09_構造体", "{3894D8E5-92B9-4B53-9400-B0B1F2AD523A}"
EndProject
Project("{8BC9CEB8-8B4A-11D0-8D11-00A0C91BC942}") = "structCopy", "structCopy\structCopy.vcxproj", "{56452F75-9826-4FE0-9291-BEC068CBF4E6}"
EndProject
Project("{8BC9CEB8-8B4A-11D0-8D11-00A0C91BC942}") = "structArray", "structArray\structArray.vcxproj", "{85868F47-DC11-4DA4-A706-2FD5C2A095B7}"
EndProject
Project("{8BC9CEB8-8B4A-11D0-8D11-00A0C91BC942}") = "structPointer", "structPointer\structPointer.vcxproj", "{562BE61A-CA92-460A-A847-C685D818EE96}"
EndProject
Project("{8BC9CEB8-8B4A-11D0-8D11-00A0C91BC942}") = "typedef1", "typedef\typedef.vcxproj", "{43073EA8-5DC9-46E4-AF03-D0F070FA0786}"
EndProject
Project("{8BC9CEB8-8B4A-11D0-8D11-00A0C91BC942}") = "typedef2", "typedef2\typedef2.vcxproj", "{FB13F8D8-02EB-4310-A5F5-966A2AD019A7}"
EndProject
Project("{8BC9CEB8-8B4A-11D0-8D11-00A0C91BC942}") = "selfReferentialStructure", "selfReferentialStructure\selfReferentialStructure.vcxproj", "{51D5C074-EE1E-4A27-8B70-7259DF69A185}"
EndProject
Project("{8BC9CEB8-8B4A-11D0-8D11-00A0C91BC942}") = "myUnion", "myUnion\myUnion.vcxproj", "{475DD720-F321-41BD-91DD-0C65679A1A62}"
EndProject
Project("{8BC9CEB8-8B4A-11D0-8D11-00A0C91BC942}") = "eatPanCompetition", "eatPanCompetition\eatPanCompetition.vcxproj", "{E29FD837-1E2D-4D1B-808E-5DE8BF3B6D8E}"
EndProject
Project("{2150E333-8FDC-42A3-9474-1A3956D46DE8}") = "10_ファイルの入出力", "10_ファイルの入出力", "{4D02BDCB-95AC-4228-B0BA-91B3DEBBD81F}"
EndProject
Project("{8BC9CEB8-8B4A-11D0-8D11-00A0C91BC942}") = "writeFile", "writeFile\writeFile.vcxproj", "{6114A996-1EBB-4D31-9573-713B71DFA8A7}"
EndProject
Project("{8BC9CEB8-8B4A-11D0-8D11-00A0C91BC942}") = "readFile", "readFile\readFile.vcxproj", "{32461099-12BF-4FEC-9A9F-76F936396E7E}"
EndProject
Project("{8BC9CEB8-8B4A-11D0-8D11-00A0C91BC942}") = "readFile2", "readFile2\readFile2.vcxproj", "{0592AD29-D56F-4166-9189-80684B583110}"
EndProject
Project("{8BC9CEB8-8B4A-11D0-8D11-00A0C91BC942}") = "randomAccess", "randomAccess\randomAccess.vcxproj", "{8D8E9CC7-95FE-411D-A217-CC743A322CFC}"
EndProject
Project("{2150E333-8FDC-42A3-9474-1A3956D46DE8}") = "11_高度なプログラミング", "11_高度なプログラミング", "{1C397E05-05AA-432B-977A-65F92E5940CA}"
EndProject
Project("{8BC9CEB8-8B4A-11D0-8D11-00A0C91BC942}") = "mystrCat", "mystrCat\mystrCat.vcxproj", "{B831C130-BDD6-42AB-BDB0-856D958B1317}"
EndProject
Project("{8BC9CEB8-8B4A-11D0-8D11-00A0C91BC942}") = "myStrCat2", "myStrCat2\myStrCat2.vcxproj", "{B2D28686-38A9-4702-B6B9-70D408463908}"
EndProject
Project("{8BC9CEB8-8B4A-11D0-8D11-00A0C91BC942}") = "funcPointer", "funcPointer\funcPointer.vcxproj", "{31B6A87C-5182-49F3-A2D1-B4B749211485}"
EndProject
Project("{8BC9CEB8-8B4A-11D0-8D11-00A0C91BC942}") = "funcPointerArray", "funcPointerArray\funcPointerArray.vcxproj", "{C8F62B59-7C52-4E66-8D3E-4D4A99950FB0}"
EndProject
Project("{8BC9CEB8-8B4A-11D0-8D11-00A0C91BC942}") = "variableArgs", "variableArgs\variableArgs.vcxproj", "{DCE3B68B-DF2F-4340-8B9D-39F2370BEC17}"
EndProject
Project("{8BC9CEB8-8B4A-11D0-8D11-00A0C91BC942}") = "variableArgs2", "variableArgs2\variableArgs2.vcxproj", "{D67D8A55-921F-4BA2-8C94-147B551520AB}"
EndProject
Project("{8BC9CEB8-8B4A-11D0-8D11-00A0C91BC942}") = "malloc", "malloc\malloc.vcxproj", "{C3914AA2-C843-421E-9250-95254B010F51}"
EndProject
Project("{8BC9CEB8-8B4A-11D0-8D11-00A0C91BC942}") = "calloc", "calloc\calloc.vcxproj", "{84B4BB5B-344A-4F7E-9316-EB63FA5D866F}"
EndProject
Project("{8BC9CEB8-8B4A-11D0-8D11-00A0C91BC942}") = "realloc", "realloc\realloc.vcxproj", "{79A3A913-DBDB-4027-BA7D-D183D911B696}"
EndProject
Global
	GlobalSection(SolutionConfigurationPlatforms) = preSolution
		Debug|Win32 = Debug|Win32
		Release|Win32 = Release|Win32
	EndGlobalSection
	GlobalSection(ProjectConfigurationPlatforms) = postSolution
		{90A37016-146D-4F5B-8D6A-050BFCA43228}.Debug|Win32.ActiveCfg = Debug|Win32
		{90A37016-146D-4F5B-8D6A-050BFCA43228}.Debug|Win32.Build.0 = Debug|Win32
		{90A37016-146D-4F5B-8D6A-050BFCA43228}.Release|Win32.ActiveCfg = Release|Win32
		{90A37016-146D-4F5B-8D6A-050BFCA43228}.Release|Win32.Build.0 = Release|Win32
		{D208FFE2-C5C3-4FDB-BAAB-2E332CA3F189}.Debug|Win32.ActiveCfg = Debug|Win32
		{D208FFE2-C5C3-4FDB-BAAB-2E332CA3F189}.Debug|Win32.Build.0 = Debug|Win32
		{D208FFE2-C5C3-4FDB-BAAB-2E332CA3F189}.Release|Win32.ActiveCfg = Release|Win32
		{D208FFE2-C5C3-4FDB-BAAB-2E332CA3F189}.Release|Win32.Build.0 = Release|Win32
		{8BC3644D-0C42-4356-887E-55EB2ED42C9E}.Debug|Win32.ActiveCfg = Debug|Win32
		{8BC3644D-0C42-4356-887E-55EB2ED42C9E}.Debug|Win32.Build.0 = Debug|Win32
		{8BC3644D-0C42-4356-887E-55EB2ED42C9E}.Release|Win32.ActiveCfg = Release|Win32
		{8BC3644D-0C42-4356-887E-55EB2ED42C9E}.Release|Win32.Build.0 = Release|Win32
		{49D293AA-0C6F-478E-87F2-29FD8F3320CE}.Debug|Win32.ActiveCfg = Debug|Win32
		{49D293AA-0C6F-478E-87F2-29FD8F3320CE}.Debug|Win32.Build.0 = Debug|Win32
		{49D293AA-0C6F-478E-87F2-29FD8F3320CE}.Release|Win32.ActiveCfg = Release|Win32
		{49D293AA-0C6F-478E-87F2-29FD8F3320CE}.Release|Win32.Build.0 = Release|Win32
		{E42ABD0C-AB03-4E5F-A35F-08E2179A8CC5}.Debug|Win32.ActiveCfg = Debug|Win32
		{E42ABD0C-AB03-4E5F-A35F-08E2179A8CC5}.Debug|Win32.Build.0 = Debug|Win32
		{E42ABD0C-AB03-4E5F-A35F-08E2179A8CC5}.Release|Win32.ActiveCfg = Release|Win32
		{E42ABD0C-AB03-4E5F-A35F-08E2179A8CC5}.Release|Win32.Build.0 = Release|Win32
		{053C93E1-5B0F-4708-AA5D-77F4BE091C7F}.Debug|Win32.ActiveCfg = Debug|Win32
		{053C93E1-5B0F-4708-AA5D-77F4BE091C7F}.Debug|Win32.Build.0 = Debug|Win32
		{053C93E1-5B0F-4708-AA5D-77F4BE091C7F}.Release|Win32.ActiveCfg = Release|Win32
		{053C93E1-5B0F-4708-AA5D-77F4BE091C7F}.Release|Win32.Build.0 = Release|Win32
		{AF52DB45-EF0C-44E1-AE5E-8ECE27D3FAD1}.Debug|Win32.ActiveCfg = Debug|Win32
		{AF52DB45-EF0C-44E1-AE5E-8ECE27D3FAD1}.Debug|Win32.Build.0 = Debug|Win32
		{AF52DB45-EF0C-44E1-AE5E-8ECE27D3FAD1}.Release|Win32.ActiveCfg = Release|Win32
		{AF52DB45-EF0C-44E1-AE5E-8ECE27D3FAD1}.Release|Win32.Build.0 = Release|Win32
		{FC944682-5BFE-4BFC-B8DC-644C3517380F}.Debug|Win32.ActiveCfg = Debug|Win32
		{FC944682-5BFE-4BFC-B8DC-644C3517380F}.Debug|Win32.Build.0 = Debug|Win32
		{FC944682-5BFE-4BFC-B8DC-644C3517380F}.Release|Win32.ActiveCfg = Release|Win32
		{FC944682-5BFE-4BFC-B8DC-644C3517380F}.Release|Win32.Build.0 = Release|Win32
		{C541C0E7-CEC1-45CA-9708-719315FA1BA5}.Debug|Win32.ActiveCfg = Debug|Win32
		{C541C0E7-CEC1-45CA-9708-719315FA1BA5}.Debug|Win32.Build.0 = Debug|Win32
		{C541C0E7-CEC1-45CA-9708-719315FA1BA5}.Release|Win32.ActiveCfg = Release|Win32
		{C541C0E7-CEC1-45CA-9708-719315FA1BA5}.Release|Win32.Build.0 = Release|Win32
		{FF6BD8DD-3B53-430F-B8FD-43C6EA3E42D3}.Debug|Win32.ActiveCfg = Debug|Win32
		{FF6BD8DD-3B53-430F-B8FD-43C6EA3E42D3}.Debug|Win32.Build.0 = Debug|Win32
		{FF6BD8DD-3B53-430F-B8FD-43C6EA3E42D3}.Release|Win32.ActiveCfg = Release|Win32
		{FF6BD8DD-3B53-430F-B8FD-43C6EA3E42D3}.Release|Win32.Build.0 = Release|Win32
		{59CDCFE0-266D-484A-B31A-9F66716A341A}.Debug|Win32.ActiveCfg = Debug|Win32
		{59CDCFE0-266D-484A-B31A-9F66716A341A}.Debug|Win32.Build.0 = Debug|Win32
		{59CDCFE0-266D-484A-B31A-9F66716A341A}.Release|Win32.ActiveCfg = Release|Win32
		{59CDCFE0-266D-484A-B31A-9F66716A341A}.Release|Win32.Build.0 = Release|Win32
		{BE50C3E1-16FC-4C45-B640-9A48E7D18EFA}.Debug|Win32.ActiveCfg = Debug|Win32
		{BE50C3E1-16FC-4C45-B640-9A48E7D18EFA}.Debug|Win32.Build.0 = Debug|Win32
		{BE50C3E1-16FC-4C45-B640-9A48E7D18EFA}.Release|Win32.ActiveCfg = Release|Win32
		{BE50C3E1-16FC-4C45-B640-9A48E7D18EFA}.Release|Win32.Build.0 = Release|Win32
		{CF2F98E4-96F1-41AB-B492-AE493451AE54}.Debug|Win32.ActiveCfg = Debug|Win32
		{CF2F98E4-96F1-41AB-B492-AE493451AE54}.Debug|Win32.Build.0 = Debug|Win32
		{CF2F98E4-96F1-41AB-B492-AE493451AE54}.Release|Win32.ActiveCfg = Release|Win32
		{CF2F98E4-96F1-41AB-B492-AE493451AE54}.Release|Win32.Build.0 = Release|Win32
		{2247022A-BAB2-4615-B6D9-3FE1B5A74B5A}.Debug|Win32.ActiveCfg = Debug|Win32
		{2247022A-BAB2-4615-B6D9-3FE1B5A74B5A}.Debug|Win32.Build.0 = Debug|Win32
		{2247022A-BAB2-4615-B6D9-3FE1B5A74B5A}.Release|Win32.ActiveCfg = Release|Win32
		{2247022A-BAB2-4615-B6D9-3FE1B5A74B5A}.Release|Win32.Build.0 = Release|Win32
		{7D143FDE-73FD-4A9E-B2CE-96A374E8621F}.Debug|Win32.ActiveCfg = Debug|Win32
		{7D143FDE-73FD-4A9E-B2CE-96A374E8621F}.Debug|Win32.Build.0 = Debug|Win32
		{7D143FDE-73FD-4A9E-B2CE-96A374E8621F}.Release|Win32.ActiveCfg = Release|Win32
		{7D143FDE-73FD-4A9E-B2CE-96A374E8621F}.Release|Win32.Build.0 = Release|Win32
		{5B300BF8-D390-467B-B201-E9402923FD09}.Debug|Win32.ActiveCfg = Debug|Win32
		{5B300BF8-D390-467B-B201-E9402923FD09}.Debug|Win32.Build.0 = Debug|Win32
		{5B300BF8-D390-467B-B201-E9402923FD09}.Release|Win32.ActiveCfg = Release|Win32
		{5B300BF8-D390-467B-B201-E9402923FD09}.Release|Win32.Build.0 = Release|Win32
		{284459C6-299D-4CEB-AD41-5E635682BCAD}.Debug|Win32.ActiveCfg = Debug|Win32
		{284459C6-299D-4CEB-AD41-5E635682BCAD}.Debug|Win32.Build.0 = Debug|Win32
		{284459C6-299D-4CEB-AD41-5E635682BCAD}.Release|Win32.ActiveCfg = Release|Win32
		{284459C6-299D-4CEB-AD41-5E635682BCAD}.Release|Win32.Build.0 = Release|Win32
		{C684884F-B832-4084-8BC7-5B43FB64CED2}.Debug|Win32.ActiveCfg = Debug|Win32
		{C684884F-B832-4084-8BC7-5B43FB64CED2}.Debug|Win32.Build.0 = Debug|Win32
		{C684884F-B832-4084-8BC7-5B43FB64CED2}.Release|Win32.ActiveCfg = Release|Win32
		{C684884F-B832-4084-8BC7-5B43FB64CED2}.Release|Win32.Build.0 = Release|Win32
		{788C0CC3-E3D3-4C3A-B542-F46489F4658D}.Debug|Win32.ActiveCfg = Debug|Win32
		{788C0CC3-E3D3-4C3A-B542-F46489F4658D}.Debug|Win32.Build.0 = Debug|Win32
		{788C0CC3-E3D3-4C3A-B542-F46489F4658D}.Release|Win32.ActiveCfg = Release|Win32
		{788C0CC3-E3D3-4C3A-B542-F46489F4658D}.Release|Win32.Build.0 = Release|Win32
		{D47C602C-B94F-49A9-A503-64B795E3E826}.Debug|Win32.ActiveCfg = Debug|Win32
		{D47C602C-B94F-49A9-A503-64B795E3E826}.Debug|Win32.Build.0 = Debug|Win32
		{D47C602C-B94F-49A9-A503-64B795E3E826}.Release|Win32.ActiveCfg = Release|Win32
		{D47C602C-B94F-49A9-A503-64B795E3E826}.Release|Win32.Build.0 = Release|Win32
		{56F88E25-355F-42DE-BC24-20D4253E4CF9}.Debug|Win32.ActiveCfg = Debug|Win32
		{56F88E25-355F-42DE-BC24-20D4253E4CF9}.Debug|Win32.Build.0 = Debug|Win32
		{56F88E25-355F-42DE-BC24-20D4253E4CF9}.Release|Win32.ActiveCfg = Release|Win32
		{56F88E25-355F-42DE-BC24-20D4253E4CF9}.Release|Win32.Build.0 = Release|Win32
		{79C4A3AC-1D0C-4413-A639-24D98B673F0A}.Debug|Win32.ActiveCfg = Debug|Win32
		{79C4A3AC-1D0C-4413-A639-24D98B673F0A}.Debug|Win32.Build.0 = Debug|Win32
		{79C4A3AC-1D0C-4413-A639-24D98B673F0A}.Release|Win32.ActiveCfg = Release|Win32
		{79C4A3AC-1D0C-4413-A639-24D98B673F0A}.Release|Win32.Build.0 = Release|Win32
		{AB1B7699-78B6-47BC-87DC-1D3718471A7F}.Debug|Win32.ActiveCfg = Debug|Win32
		{AB1B7699-78B6-47BC-87DC-1D3718471A7F}.Debug|Win32.Build.0 = Debug|Win32
		{AB1B7699-78B6-47BC-87DC-1D3718471A7F}.Release|Win32.ActiveCfg = Release|Win32
		{AB1B7699-78B6-47BC-87DC-1D3718471A7F}.Release|Win32.Build.0 = Release|Win32
		{44A576A1-39C8-4A69-A7C2-38580D4118B0}.Debug|Win32.ActiveCfg = Debug|Win32
		{44A576A1-39C8-4A69-A7C2-38580D4118B0}.Debug|Win32.Build.0 = Debug|Win32
		{44A576A1-39C8-4A69-A7C2-38580D4118B0}.Release|Win32.ActiveCfg = Release|Win32
		{44A576A1-39C8-4A69-A7C2-38580D4118B0}.Release|Win32.Build.0 = Release|Win32
		{544E6AE5-3DB2-4F59-A2C8-CE8C645E2478}.Debug|Win32.ActiveCfg = Debug|Win32
		{544E6AE5-3DB2-4F59-A2C8-CE8C645E2478}.Debug|Win32.Build.0 = Debug|Win32
		{544E6AE5-3DB2-4F59-A2C8-CE8C645E2478}.Release|Win32.ActiveCfg = Release|Win32
		{544E6AE5-3DB2-4F59-A2C8-CE8C645E2478}.Release|Win32.Build.0 = Release|Win32
		{3731AE48-74E3-48B4-903C-BFB6BB1F9626}.Debug|Win32.ActiveCfg = Debug|Win32
		{3731AE48-74E3-48B4-903C-BFB6BB1F9626}.Debug|Win32.Build.0 = Debug|Win32
		{3731AE48-74E3-48B4-903C-BFB6BB1F9626}.Release|Win32.ActiveCfg = Release|Win32
		{3731AE48-74E3-48B4-903C-BFB6BB1F9626}.Release|Win32.Build.0 = Release|Win32
		{4B6CE7F9-F543-459E-9BB6-553744B4CA9A}.Debug|Win32.ActiveCfg = Debug|Win32
		{4B6CE7F9-F543-459E-9BB6-553744B4CA9A}.Debug|Win32.Build.0 = Debug|Win32
		{4B6CE7F9-F543-459E-9BB6-553744B4CA9A}.Release|Win32.ActiveCfg = Release|Win32
		{4B6CE7F9-F543-459E-9BB6-553744B4CA9A}.Release|Win32.Build.0 = Release|Win32
		{5EFED213-6DF3-4B22-9E2F-7F114540B4D9}.Debug|Win32.ActiveCfg = Debug|Win32
		{5EFED213-6DF3-4B22-9E2F-7F114540B4D9}.Debug|Win32.Build.0 = Debug|Win32
		{5EFED213-6DF3-4B22-9E2F-7F114540B4D9}.Release|Win32.ActiveCfg = Release|Win32
		{5EFED213-6DF3-4B22-9E2F-7F114540B4D9}.Release|Win32.Build.0 = Release|Win32
		{0EF05D6E-48B9-4715-B02E-F02F71FB85E7}.Debug|Win32.ActiveCfg = Debug|Win32
		{0EF05D6E-48B9-4715-B02E-F02F71FB85E7}.Debug|Win32.Build.0 = Debug|Win32
		{0EF05D6E-48B9-4715-B02E-F02F71FB85E7}.Release|Win32.ActiveCfg = Release|Win32
		{0EF05D6E-48B9-4715-B02E-F02F71FB85E7}.Release|Win32.Build.0 = Release|Win32
		{A3C298B2-6E87-4DC5-8FD7-C6F5BF90BA53}.Debug|Win32.ActiveCfg = Debug|Win32
		{A3C298B2-6E87-4DC5-8FD7-C6F5BF90BA53}.Debug|Win32.Build.0 = Debug|Win32
		{A3C298B2-6E87-4DC5-8FD7-C6F5BF90BA53}.Release|Win32.ActiveCfg = Release|Win32
		{A3C298B2-6E87-4DC5-8FD7-C6F5BF90BA53}.Release|Win32.Build.0 = Release|Win32
		{BDEDF464-B33C-4C53-A07C-8ABD9E2DE42C}.Debug|Win32.ActiveCfg = Debug|Win32
		{BDEDF464-B33C-4C53-A07C-8ABD9E2DE42C}.Debug|Win32.Build.0 = Debug|Win32
		{BDEDF464-B33C-4C53-A07C-8ABD9E2DE42C}.Release|Win32.ActiveCfg = Release|Win32
		{BDEDF464-B33C-4C53-A07C-8ABD9E2DE42C}.Release|Win32.Build.0 = Release|Win32
		{59A8B75C-E6A3-4A3B-AA8F-ACB2CA66C38F}.Debug|Win32.ActiveCfg = Debug|Win32
		{59A8B75C-E6A3-4A3B-AA8F-ACB2CA66C38F}.Debug|Win32.Build.0 = Debug|Win32
		{59A8B75C-E6A3-4A3B-AA8F-ACB2CA66C38F}.Release|Win32.ActiveCfg = Release|Win32
		{59A8B75C-E6A3-4A3B-AA8F-ACB2CA66C38F}.Release|Win32.Build.0 = Release|Win32
		{9602890B-41B3-4980-A3CA-230BD99CBA8A}.Debug|Win32.ActiveCfg = Debug|Win32
		{9602890B-41B3-4980-A3CA-230BD99CBA8A}.Debug|Win32.Build.0 = Debug|Win32
		{9602890B-41B3-4980-A3CA-230BD99CBA8A}.Release|Win32.ActiveCfg = Release|Win32
		{9602890B-41B3-4980-A3CA-230BD99CBA8A}.Release|Win32.Build.0 = Release|Win32
		{1902EF39-24AA-4EB8-A95D-DAF29A93B297}.Debug|Win32.ActiveCfg = Debug|Win32
		{1902EF39-24AA-4EB8-A95D-DAF29A93B297}.Debug|Win32.Build.0 = Debug|Win32
		{1902EF39-24AA-4EB8-A95D-DAF29A93B297}.Release|Win32.ActiveCfg = Release|Win32
		{1902EF39-24AA-4EB8-A95D-DAF29A93B297}.Release|Win32.Build.0 = Release|Win32
		{4451E040-27F2-4F04-A546-1F9B2FBC6173}.Debug|Win32.ActiveCfg = Debug|Win32
		{4451E040-27F2-4F04-A546-1F9B2FBC6173}.Debug|Win32.Build.0 = Debug|Win32
		{4451E040-27F2-4F04-A546-1F9B2FBC6173}.Release|Win32.ActiveCfg = Release|Win32
		{4451E040-27F2-4F04-A546-1F9B2FBC6173}.Release|Win32.Build.0 = Release|Win32
		{2105411D-8E0C-495E-805C-CE83A6081396}.Debug|Win32.ActiveCfg = Debug|Win32
		{2105411D-8E0C-495E-805C-CE83A6081396}.Debug|Win32.Build.0 = Debug|Win32
		{2105411D-8E0C-495E-805C-CE83A6081396}.Release|Win32.ActiveCfg = Release|Win32
		{2105411D-8E0C-495E-805C-CE83A6081396}.Release|Win32.Build.0 = Release|Win32
		{05179C88-D3C5-4F9A-8BC4-FFE17976B10D}.Debug|Win32.ActiveCfg = Debug|Win32
		{05179C88-D3C5-4F9A-8BC4-FFE17976B10D}.Debug|Win32.Build.0 = Debug|Win32
		{05179C88-D3C5-4F9A-8BC4-FFE17976B10D}.Release|Win32.ActiveCfg = Release|Win32
		{05179C88-D3C5-4F9A-8BC4-FFE17976B10D}.Release|Win32.Build.0 = Release|Win32
		{588C5C88-253D-42E0-8825-62BDF9448898}.Debug|Win32.ActiveCfg = Debug|Win32
		{588C5C88-253D-42E0-8825-62BDF9448898}.Debug|Win32.Build.0 = Debug|Win32
		{588C5C88-253D-42E0-8825-62BDF9448898}.Release|Win32.ActiveCfg = Release|Win32
		{588C5C88-253D-42E0-8825-62BDF9448898}.Release|Win32.Build.0 = Release|Win32
		{1AEDEB2A-0855-419B-94AC-EF622591BB4F}.Debug|Win32.ActiveCfg = Debug|Win32
		{1AEDEB2A-0855-419B-94AC-EF622591BB4F}.Debug|Win32.Build.0 = Debug|Win32
		{1AEDEB2A-0855-419B-94AC-EF622591BB4F}.Release|Win32.ActiveCfg = Release|Win32
		{1AEDEB2A-0855-419B-94AC-EF622591BB4F}.Release|Win32.Build.0 = Release|Win32
		{20DE7B5C-7050-4EDF-83D0-DBA138D24E4D}.Debug|Win32.ActiveCfg = Debug|Win32
		{20DE7B5C-7050-4EDF-83D0-DBA138D24E4D}.Debug|Win32.Build.0 = Debug|Win32
		{20DE7B5C-7050-4EDF-83D0-DBA138D24E4D}.Release|Win32.ActiveCfg = Release|Win32
		{20DE7B5C-7050-4EDF-83D0-DBA138D24E4D}.Release|Win32.Build.0 = Release|Win32
		{F0A5A8EC-B7E6-4CFC-BEC1-BA9B8EA032D8}.Debug|Win32.ActiveCfg = Debug|Win32
		{F0A5A8EC-B7E6-4CFC-BEC1-BA9B8EA032D8}.Debug|Win32.Build.0 = Debug|Win32
		{F0A5A8EC-B7E6-4CFC-BEC1-BA9B8EA032D8}.Release|Win32.ActiveCfg = Release|Win32
		{F0A5A8EC-B7E6-4CFC-BEC1-BA9B8EA032D8}.Release|Win32.Build.0 = Release|Win32
		{6E24CC7E-7464-4126-B0D7-7EF7D8A54304}.Debug|Win32.ActiveCfg = Debug|Win32
		{6E24CC7E-7464-4126-B0D7-7EF7D8A54304}.Debug|Win32.Build.0 = Debug|Win32
		{6E24CC7E-7464-4126-B0D7-7EF7D8A54304}.Release|Win32.ActiveCfg = Release|Win32
		{6E24CC7E-7464-4126-B0D7-7EF7D8A54304}.Release|Win32.Build.0 = Release|Win32
		{D2074424-5926-4B9C-AAFD-AD5608BF5BB4}.Debug|Win32.ActiveCfg = Debug|Win32
		{D2074424-5926-4B9C-AAFD-AD5608BF5BB4}.Debug|Win32.Build.0 = Debug|Win32
		{D2074424-5926-4B9C-AAFD-AD5608BF5BB4}.Release|Win32.ActiveCfg = Release|Win32
		{D2074424-5926-4B9C-AAFD-AD5608BF5BB4}.Release|Win32.Build.0 = Release|Win32
		{A6DFA598-7CDB-42DC-8FBA-8AC0A7DD56B0}.Debug|Win32.ActiveCfg = Debug|Win32
		{A6DFA598-7CDB-42DC-8FBA-8AC0A7DD56B0}.Debug|Win32.Build.0 = Debug|Win32
		{A6DFA598-7CDB-42DC-8FBA-8AC0A7DD56B0}.Release|Win32.ActiveCfg = Release|Win32
		{A6DFA598-7CDB-42DC-8FBA-8AC0A7DD56B0}.Release|Win32.Build.0 = Release|Win32
		{73EFA276-7EA1-4DF3-8D78-51D5EA457BB3}.Debug|Win32.ActiveCfg = Debug|Win32
		{73EFA276-7EA1-4DF3-8D78-51D5EA457BB3}.Debug|Win32.Build.0 = Debug|Win32
		{73EFA276-7EA1-4DF3-8D78-51D5EA457BB3}.Release|Win32.ActiveCfg = Release|Win32
		{73EFA276-7EA1-4DF3-8D78-51D5EA457BB3}.Release|Win32.Build.0 = Release|Win32
		{5478EBAF-5928-497B-A3D6-8BF6BE5B5D0E}.Debug|Win32.ActiveCfg = Debug|Win32
		{5478EBAF-5928-497B-A3D6-8BF6BE5B5D0E}.Debug|Win32.Build.0 = Debug|Win32
		{5478EBAF-5928-497B-A3D6-8BF6BE5B5D0E}.Release|Win32.ActiveCfg = Release|Win32
		{5478EBAF-5928-497B-A3D6-8BF6BE5B5D0E}.Release|Win32.Build.0 = Release|Win32
		{56452F75-9826-4FE0-9291-BEC068CBF4E6}.Debug|Win32.ActiveCfg = Debug|Win32
		{56452F75-9826-4FE0-9291-BEC068CBF4E6}.Debug|Win32.Build.0 = Debug|Win32
		{56452F75-9826-4FE0-9291-BEC068CBF4E6}.Release|Win32.ActiveCfg = Release|Win32
		{56452F75-9826-4FE0-9291-BEC068CBF4E6}.Release|Win32.Build.0 = Release|Win32
		{85868F47-DC11-4DA4-A706-2FD5C2A095B7}.Debug|Win32.ActiveCfg = Debug|Win32
		{85868F47-DC11-4DA4-A706-2FD5C2A095B7}.Debug|Win32.Build.0 = Debug|Win32
		{85868F47-DC11-4DA4-A706-2FD5C2A095B7}.Release|Win32.ActiveCfg = Release|Win32
		{85868F47-DC11-4DA4-A706-2FD5C2A095B7}.Release|Win32.Build.0 = Release|Win32
		{562BE61A-CA92-460A-A847-C685D818EE96}.Debug|Win32.ActiveCfg = Debug|Win32
		{562BE61A-CA92-460A-A847-C685D818EE96}.Debug|Win32.Build.0 = Debug|Win32
		{562BE61A-CA92-460A-A847-C685D818EE96}.Release|Win32.ActiveCfg = Release|Win32
		{562BE61A-CA92-460A-A847-C685D818EE96}.Release|Win32.Build.0 = Release|Win32
		{43073EA8-5DC9-46E4-AF03-D0F070FA0786}.Debug|Win32.ActiveCfg = Debug|Win32
		{43073EA8-5DC9-46E4-AF03-D0F070FA0786}.Debug|Win32.Build.0 = Debug|Win32
		{43073EA8-5DC9-46E4-AF03-D0F070FA0786}.Release|Win32.ActiveCfg = Release|Win32
		{43073EA8-5DC9-46E4-AF03-D0F070FA0786}.Release|Win32.Build.0 = Release|Win32
		{FB13F8D8-02EB-4310-A5F5-966A2AD019A7}.Debug|Win32.ActiveCfg = Debug|Win32
		{FB13F8D8-02EB-4310-A5F5-966A2AD019A7}.Debug|Win32.Build.0 = Debug|Win32
		{FB13F8D8-02EB-4310-A5F5-966A2AD019A7}.Release|Win32.ActiveCfg = Release|Win32
		{FB13F8D8-02EB-4310-A5F5-966A2AD019A7}.Release|Win32.Build.0 = Release|Win32
		{51D5C074-EE1E-4A27-8B70-7259DF69A185}.Debug|Win32.ActiveCfg = Debug|Win32
		{51D5C074-EE1E-4A27-8B70-7259DF69A185}.Debug|Win32.Build.0 = Debug|Win32
		{51D5C074-EE1E-4A27-8B70-7259DF69A185}.Release|Win32.ActiveCfg = Release|Win32
		{51D5C074-EE1E-4A27-8B70-7259DF69A185}.Release|Win32.Build.0 = Release|Win32
		{475DD720-F321-41BD-91DD-0C65679A1A62}.Debug|Win32.ActiveCfg = Debug|Win32
		{475DD720-F321-41BD-91DD-0C65679A1A62}.Debug|Win32.Build.0 = Debug|Win32
		{475DD720-F321-41BD-91DD-0C65679A1A62}.Release|Win32.ActiveCfg = Release|Win32
		{475DD720-F321-41BD-91DD-0C65679A1A62}.Release|Win32.Build.0 = Release|Win32
		{E29FD837-1E2D-4D1B-808E-5DE8BF3B6D8E}.Debug|Win32.ActiveCfg = Debug|Win32
		{E29FD837-1E2D-4D1B-808E-5DE8BF3B6D8E}.Debug|Win32.Build.0 = Debug|Win32
		{E29FD837-1E2D-4D1B-808E-5DE8BF3B6D8E}.Release|Win32.ActiveCfg = Release|Win32
		{E29FD837-1E2D-4D1B-808E-5DE8BF3B6D8E}.Release|Win32.Build.0 = Release|Win32
		{6114A996-1EBB-4D31-9573-713B71DFA8A7}.Debug|Win32.ActiveCfg = Debug|Win32
		{6114A996-1EBB-4D31-9573-713B71DFA8A7}.Debug|Win32.Build.0 = Debug|Win32
		{6114A996-1EBB-4D31-9573-713B71DFA8A7}.Release|Win32.ActiveCfg = Release|Win32
		{6114A996-1EBB-4D31-9573-713B71DFA8A7}.Release|Win32.Build.0 = Release|Win32
		{32461099-12BF-4FEC-9A9F-76F936396E7E}.Debug|Win32.ActiveCfg = Debug|Win32
		{32461099-12BF-4FEC-9A9F-76F936396E7E}.Debug|Win32.Build.0 = Debug|Win32
		{32461099-12BF-4FEC-9A9F-76F936396E7E}.Release|Win32.ActiveCfg = Release|Win32
		{32461099-12BF-4FEC-9A9F-76F936396E7E}.Release|Win32.Build.0 = Release|Win32
		{0592AD29-D56F-4166-9189-80684B583110}.Debug|Win32.ActiveCfg = Debug|Win32
		{0592AD29-D56F-4166-9189-80684B583110}.Debug|Win32.Build.0 = Debug|Win32
		{0592AD29-D56F-4166-9189-80684B583110}.Release|Win32.ActiveCfg = Release|Win32
		{0592AD29-D56F-4166-9189-80684B583110}.Release|Win32.Build.0 = Release|Win32
		{8D8E9CC7-95FE-411D-A217-CC743A322CFC}.Debug|Win32.ActiveCfg = Debug|Win32
		{8D8E9CC7-95FE-411D-A217-CC743A322CFC}.Debug|Win32.Build.0 = Debug|Win32
		{8D8E9CC7-95FE-411D-A217-CC743A322CFC}.Release|Win32.ActiveCfg = Release|Win32
		{8D8E9CC7-95FE-411D-A217-CC743A322CFC}.Release|Win32.Build.0 = Release|Win32
		{B831C130-BDD6-42AB-BDB0-856D958B1317}.Debug|Win32.ActiveCfg = Debug|Win32
		{B831C130-BDD6-42AB-BDB0-856D958B1317}.Debug|Win32.Build.0 = Debug|Win32
		{B831C130-BDD6-42AB-BDB0-856D958B1317}.Release|Win32.ActiveCfg = Release|Win32
		{B831C130-BDD6-42AB-BDB0-856D958B1317}.Release|Win32.Build.0 = Release|Win32
		{B2D28686-38A9-4702-B6B9-70D408463908}.Debug|Win32.ActiveCfg = Debug|Win32
		{B2D28686-38A9-4702-B6B9-70D408463908}.Debug|Win32.Build.0 = Debug|Win32
		{B2D28686-38A9-4702-B6B9-70D408463908}.Release|Win32.ActiveCfg = Release|Win32
		{B2D28686-38A9-4702-B6B9-70D408463908}.Release|Win32.Build.0 = Release|Win32
		{31B6A87C-5182-49F3-A2D1-B4B749211485}.Debug|Win32.ActiveCfg = Debug|Win32
		{31B6A87C-5182-49F3-A2D1-B4B749211485}.Debug|Win32.Build.0 = Debug|Win32
		{31B6A87C-5182-49F3-A2D1-B4B749211485}.Release|Win32.ActiveCfg = Release|Win32
		{31B6A87C-5182-49F3-A2D1-B4B749211485}.Release|Win32.Build.0 = Release|Win32
		{C8F62B59-7C52-4E66-8D3E-4D4A99950FB0}.Debug|Win32.ActiveCfg = Debug|Win32
		{C8F62B59-7C52-4E66-8D3E-4D4A99950FB0}.Debug|Win32.Build.0 = Debug|Win32
		{C8F62B59-7C52-4E66-8D3E-4D4A99950FB0}.Release|Win32.ActiveCfg = Release|Win32
		{C8F62B59-7C52-4E66-8D3E-4D4A99950FB0}.Release|Win32.Build.0 = Release|Win32
		{DCE3B68B-DF2F-4340-8B9D-39F2370BEC17}.Debug|Win32.ActiveCfg = Debug|Win32
		{DCE3B68B-DF2F-4340-8B9D-39F2370BEC17}.Debug|Win32.Build.0 = Debug|Win32
		{DCE3B68B-DF2F-4340-8B9D-39F2370BEC17}.Release|Win32.ActiveCfg = Release|Win32
		{DCE3B68B-DF2F-4340-8B9D-39F2370BEC17}.Release|Win32.Build.0 = Release|Win32
		{D67D8A55-921F-4BA2-8C94-147B551520AB}.Debug|Win32.ActiveCfg = Debug|Win32
		{D67D8A55-921F-4BA2-8C94-147B551520AB}.Debug|Win32.Build.0 = Debug|Win32
		{D67D8A55-921F-4BA2-8C94-147B551520AB}.Release|Win32.ActiveCfg = Release|Win32
		{D67D8A55-921F-4BA2-8C94-147B551520AB}.Release|Win32.Build.0 = Release|Win32
		{C3914AA2-C843-421E-9250-95254B010F51}.Debug|Win32.ActiveCfg = Debug|Win32
		{C3914AA2-C843-421E-9250-95254B010F51}.Debug|Win32.Build.0 = Debug|Win32
		{C3914AA2-C843-421E-9250-95254B010F51}.Release|Win32.ActiveCfg = Release|Win32
		{C3914AA2-C843-421E-9250-95254B010F51}.Release|Win32.Build.0 = Release|Win32
		{84B4BB5B-344A-4F7E-9316-EB63FA5D866F}.Debug|Win32.ActiveCfg = Debug|Win32
		{84B4BB5B-344A-4F7E-9316-EB63FA5D866F}.Debug|Win32.Build.0 = Debug|Win32
		{84B4BB5B-344A-4F7E-9316-EB63FA5D866F}.Release|Win32.ActiveCfg = Release|Win32
		{84B4BB5B-344A-4F7E-9316-EB63FA5D866F}.Release|Win32.Build.0 = Release|Win32
		{79A3A913-DBDB-4027-BA7D-D183D911B696}.Debug|Win32.ActiveCfg = Debug|Win32
		{79A3A913-DBDB-4027-BA7D-D183D911B696}.Debug|Win32.Build.0 = Debug|Win32
		{79A3A913-DBDB-4027-BA7D-D183D911B696}.Release|Win32.ActiveCfg = Release|Win32
		{79A3A913-DBDB-4027-BA7D-D183D911B696}.Release|Win32.Build.0 = Release|Win32
	EndGlobalSection
	GlobalSection(SolutionProperties) = preSolution
		HideSolutionNode = FALSE
	EndGlobalSection
	GlobalSection(NestedProjects) = preSolution
		{A3C298B2-6E87-4DC5-8FD7-C6F5BF90BA53} = {4E3C3921-1B4E-44AF-8C3D-261E693248D2}
		{BDEDF464-B33C-4C53-A07C-8ABD9E2DE42C} = {4E3C3921-1B4E-44AF-8C3D-261E693248D2}
		{59A8B75C-E6A3-4A3B-AA8F-ACB2CA66C38F} = {4E3C3921-1B4E-44AF-8C3D-261E693248D2}
		{9602890B-41B3-4980-A3CA-230BD99CBA8A} = {4E3C3921-1B4E-44AF-8C3D-261E693248D2}
		{1902EF39-24AA-4EB8-A95D-DAF29A93B297} = {4E3C3921-1B4E-44AF-8C3D-261E693248D2}
		{4451E040-27F2-4F04-A546-1F9B2FBC6173} = {4E3C3921-1B4E-44AF-8C3D-261E693248D2}
		{2105411D-8E0C-495E-805C-CE83A6081396} = {4E3C3921-1B4E-44AF-8C3D-261E693248D2}
		{05179C88-D3C5-4F9A-8BC4-FFE17976B10D} = {4E3C3921-1B4E-44AF-8C3D-261E693248D2}
		{588C5C88-253D-42E0-8825-62BDF9448898} = {4E3C3921-1B4E-44AF-8C3D-261E693248D2}
		{1AEDEB2A-0855-419B-94AC-EF622591BB4F} = {4E3C3921-1B4E-44AF-8C3D-261E693248D2}
		{20DE7B5C-7050-4EDF-83D0-DBA138D24E4D} = {4E3C3921-1B4E-44AF-8C3D-261E693248D2}
		{F0A5A8EC-B7E6-4CFC-BEC1-BA9B8EA032D8} = {4E3C3921-1B4E-44AF-8C3D-261E693248D2}
		{6E24CC7E-7464-4126-B0D7-7EF7D8A54304} = {4E3C3921-1B4E-44AF-8C3D-261E693248D2}
		{D2074424-5926-4B9C-AAFD-AD5608BF5BB4} = {4E3C3921-1B4E-44AF-8C3D-261E693248D2}
		{A6DFA598-7CDB-42DC-8FBA-8AC0A7DD56B0} = {4E3C3921-1B4E-44AF-8C3D-261E693248D2}
		{73EFA276-7EA1-4DF3-8D78-51D5EA457BB3} = {4E3C3921-1B4E-44AF-8C3D-261E693248D2}
		{5478EBAF-5928-497B-A3D6-8BF6BE5B5D0E} = {4E3C3921-1B4E-44AF-8C3D-261E693248D2}
		{56452F75-9826-4FE0-9291-BEC068CBF4E6} = {3894D8E5-92B9-4B53-9400-B0B1F2AD523A}
		{85868F47-DC11-4DA4-A706-2FD5C2A095B7} = {3894D8E5-92B9-4B53-9400-B0B1F2AD523A}
		{562BE61A-CA92-460A-A847-C685D818EE96} = {3894D8E5-92B9-4B53-9400-B0B1F2AD523A}
		{43073EA8-5DC9-46E4-AF03-D0F070FA0786} = {3894D8E5-92B9-4B53-9400-B0B1F2AD523A}
		{FB13F8D8-02EB-4310-A5F5-966A2AD019A7} = {3894D8E5-92B9-4B53-9400-B0B1F2AD523A}
		{51D5C074-EE1E-4A27-8B70-7259DF69A185} = {3894D8E5-92B9-4B53-9400-B0B1F2AD523A}
		{475DD720-F321-41BD-91DD-0C65679A1A62} = {3894D8E5-92B9-4B53-9400-B0B1F2AD523A}
		{E29FD837-1E2D-4D1B-808E-5DE8BF3B6D8E} = {3894D8E5-92B9-4B53-9400-B0B1F2AD523A}
		{6114A996-1EBB-4D31-9573-713B71DFA8A7} = {4D02BDCB-95AC-4228-B0BA-91B3DEBBD81F}
		{32461099-12BF-4FEC-9A9F-76F936396E7E} = {4D02BDCB-95AC-4228-B0BA-91B3DEBBD81F}
		{0592AD29-D56F-4166-9189-80684B583110} = {4D02BDCB-95AC-4228-B0BA-91B3DEBBD81F}
		{8D8E9CC7-95FE-411D-A217-CC743A322CFC} = {4D02BDCB-95AC-4228-B0BA-91B3DEBBD81F}
		{B831C130-BDD6-42AB-BDB0-856D958B1317} = {1C397E05-05AA-432B-977A-65F92E5940CA}
		{B2D28686-38A9-4702-B6B9-70D408463908} = {1C397E05-05AA-432B-977A-65F92E5940CA}
		{31B6A87C-5182-49F3-A2D1-B4B749211485} = {1C397E05-05AA-432B-977A-65F92E5940CA}
		{C8F62B59-7C52-4E66-8D3E-4D4A99950FB0} = {1C397E05-05AA-432B-977A-65F92E5940CA}
		{DCE3B68B-DF2F-4340-8B9D-39F2370BEC17} = {1C397E05-05AA-432B-977A-65F92E5940CA}
		{D67D8A55-921F-4BA2-8C94-147B551520AB} = {1C397E05-05AA-432B-977A-65F92E5940CA}
		{C3914AA2-C843-421E-9250-95254B010F51} = {1C397E05-05AA-432B-977A-65F92E5940CA}
		{84B4BB5B-344A-4F7E-9316-EB63FA5D866F} = {1C397E05-05AA-432B-977A-65F92E5940CA}
		{79A3A913-DBDB-4027-BA7D-D183D911B696} = {1C397E05-05AA-432B-977A-65F92E5940CA}
	EndGlobalSection
EndGlobal
